
Microsoft Visual Studio Solution File, Format Version 12.00
# Visual Studio Version 17
VisualStudioVersion = 17.7.34221.43
MinimumVisualStudioVersion = 10.0.40219.1
Project("{FAE04EC0-301F-11D3-BF4B-00C04F79EFBC}") = "Hotel1", "Hotel1\Hotel1.csproj", "{0854F377-FF38-4C9A-B885-BC806B1392E8}"
EndProject
Global
	GlobalSection(SolutionConfigurationPlatforms) = preSolution
		Debug|Any CPU = Debug|Any CPU
		Release|Any CPU = Release|Any CPU
	EndGlobalSection
	GlobalSection(ProjectConfigurationPlatforms) = postSolution
		{0854F377-FF38-4C9A-B885-BC806B1392E8}.Debug|Any CPU.ActiveCfg = Debug|Any CPU
		{0854F377-FF38-4C9A-B885-BC806B1392E8}.Debug|Any CPU.Build.0 = Debug|Any CPU
		{0854F377-FF38-4C9A-B885-BC806B1392E8}.Release|Any CPU.ActiveCfg = Release|Any CPU
		{0854F377-FF38-4C9A-B885-BC806B1392E8}.Release|Any CPU.Build.0 = Release|Any CPU
	EndGlobalSection
	GlobalSection(SolutionProperties) = preSolution
		HideSolutionNode = FALSE
	EndGlobalSection
	GlobalSection(ExtensibilityGlobals) = postSolution
		SolutionGuid = {68A2388E-2709-4D4C-B224-A4A835E9D7F7}
	EndGlobalSection
EndGlobal
